
Microsoft Visual Studio Solution File, Format Version 12.00
# Visual Studio Version 16
VisualStudioVersion = 16.0.30804.86
MinimumVisualStudioVersion = 10.0.40219.1
Project("{9A19103F-16F7-4668-BE54-9A1E7A4F7556}") = "KampIntro", "KampIntro\KampIntro.csproj", "{A4562E75-A33A-4534-AF5B-B2BDE21426B0}"
EndProject
Project("{9A19103F-16F7-4668-BE54-9A1E7A4F7556}") = "Donguler", "Donguler\Donguler.csproj", "{17B97D8E-5C0F-4C18-9C2F-2F227C1ED92B}"
EndProject
Project("{9A19103F-16F7-4668-BE54-9A1E7A4F7556}") = "ClassIntro", "ClassIntro\ClassIntro.csproj", "{84DF6D8F-1BD3-4036-B408-F28B2CDE570E}"
EndProject
Project("{9A19103F-16F7-4668-BE54-9A1E7A4F7556}") = "Metotlar", "Metotlar\Metotlar.csproj", "{08E2333A-5780-48A1-AD20-D78B1C62F266}"
EndProject
Project("{FAE04EC0-301F-11D3-BF4B-00C04F79EFBC}") = "Matematik", "Matematik\Matematik.csproj", "{E89653C9-E4A3-4185-80CA-375D4BB97586}"
EndProject
Project("{FAE04EC0-301F-11D3-BF4B-00C04F79EFBC}") = "DegerVeReferansTipler", "DegerVeReferansTipler\DegerVeReferansTipler.csproj", "{A4EA5BB5-A9A7-4012-9BDB-F7F545CC694A}"
EndProject
Global
	GlobalSection(SolutionConfigurationPlatforms) = preSolution
		Debug|Any CPU = Debug|Any CPU
		Release|Any CPU = Release|Any CPU
	EndGlobalSection
	GlobalSection(ProjectConfigurationPlatforms) = postSolution
		{A4562E75-A33A-4534-AF5B-B2BDE21426B0}.Debug|Any CPU.ActiveCfg = Debug|Any CPU
		{A4562E75-A33A-4534-AF5B-B2BDE21426B0}.Debug|Any CPU.Build.0 = Debug|Any CPU
		{A4562E75-A33A-4534-AF5B-B2BDE21426B0}.Release|Any CPU.ActiveCfg = Release|Any CPU
		{A4562E75-A33A-4534-AF5B-B2BDE21426B0}.Release|Any CPU.Build.0 = Release|Any CPU
		{17B97D8E-5C0F-4C18-9C2F-2F227C1ED92B}.Debug|Any CPU.ActiveCfg = Debug|Any CPU
		{17B97D8E-5C0F-4C18-9C2F-2F227C1ED92B}.Debug|Any CPU.Build.0 = Debug|Any CPU
		{17B97D8E-5C0F-4C18-9C2F-2F227C1ED92B}.Release|Any CPU.ActiveCfg = Release|Any CPU
		{17B97D8E-5C0F-4C18-9C2F-2F227C1ED92B}.Release|Any CPU.Build.0 = Release|Any CPU
		{84DF6D8F-1BD3-4036-B408-F28B2CDE570E}.Debug|Any CPU.ActiveCfg = Debug|Any CPU
		{84DF6D8F-1BD3-4036-B408-F28B2CDE570E}.Debug|Any CPU.Build.0 = Debug|Any CPU
		{84DF6D8F-1BD3-4036-B408-F28B2CDE570E}.Release|Any CPU.ActiveCfg = Release|Any CPU
		{84DF6D8F-1BD3-4036-B408-F28B2CDE570E}.Release|Any CPU.Build.0 = Release|Any CPU
		{08E2333A-5780-48A1-AD20-D78B1C62F266}.Debug|Any CPU.ActiveCfg = Debug|Any CPU
		{08E2333A-5780-48A1-AD20-D78B1C62F266}.Debug|Any CPU.Build.0 = Debug|Any CPU
		{08E2333A-5780-48A1-AD20-D78B1C62F266}.Release|Any CPU.ActiveCfg = Release|Any CPU
		{08E2333A-5780-48A1-AD20-D78B1C62F266}.Release|Any CPU.Build.0 = Release|Any CPU
		{E89653C9-E4A3-4185-80CA-375D4BB97586}.Debug|Any CPU.ActiveCfg = Debug|Any CPU
		{E89653C9-E4A3-4185-80CA-375D4BB97586}.Debug|Any CPU.Build.0 = Debug|Any CPU
		{E89653C9-E4A3-4185-80CA-375D4BB97586}.Release|Any CPU.ActiveCfg = Release|Any CPU
		{E89653C9-E4A3-4185-80CA-375D4BB97586}.Release|Any CPU.Build.0 = Release|Any CPU
		{A4EA5BB5-A9A7-4012-9BDB-F7F545CC694A}.Debug|Any CPU.ActiveCfg = Debug|Any CPU
		{A4EA5BB5-A9A7-4012-9BDB-F7F545CC694A}.Debug|Any CPU.Build.0 = Debug|Any CPU
		{A4EA5BB5-A9A7-4012-9BDB-F7F545CC694A}.Release|Any CPU.ActiveCfg = Release|Any CPU
		{A4EA5BB5-A9A7-4012-9BDB-F7F545CC694A}.Release|Any CPU.Build.0 = Release|Any CPU
	EndGlobalSection
	GlobalSection(SolutionProperties) = preSolution
		HideSolutionNode = FALSE
	EndGlobalSection
	GlobalSection(ExtensibilityGlobals) = postSolution
		SolutionGuid = {25746405-F3A7-4B47-AA8B-A4A55A7E6CE8}
	EndGlobalSection
EndGlobal
